// !$*UTF8*$!
{
	archiveVersion = 1;
	classes = {
	};
	objectVersion = 46;
	objects = {

/* Begin PBXBuildFile section */
		06BDD3D82AFD329200DEC4C7 /* instrumentation.c in Sources */ = {isa = PBXBuildFile; fileRef = 06057A282A56B4B8005EF06B /* instrumentation.c */; };
		08315122215ED9CF00D97E04 /* malloc_implementation.h in Headers */ = {isa = PBXBuildFile; fileRef = 08315121215ED9C700D97E04 /* malloc_implementation.h */; settings = {ATTRIBUTES = (Private, ); }; };
		08315123215EE9A100D97E04 /* stack_logging.h in Headers */ = {isa = PBXBuildFile; fileRef = C9571C391C18AA1D00A67EE3 /* stack_logging.h */; settings = {ATTRIBUTES = (Private, ); }; };
		2B67B5682040B3AF0003E78F /* _malloc.h in Headers */ = {isa = PBXBuildFile; fileRef = 2B67B5672040B3A50003E78F /* _malloc.h */; settings = {ATTRIBUTES = (Public, ); }; };
		3FE91FED16A90B9200D1238A /* bitarray.c in Sources */ = {isa = PBXBuildFile; fileRef = 3FE91FD116A90A8D00D1238A /* bitarray.c */; };
		3FE91FF016A90B9200D1238A /* magazine_malloc.c in Sources */ = {isa = PBXBuildFile; fileRef = 3FE91FD616A90A8D00D1238A /* magazine_malloc.c */; };
		3FE91FF116A90B9200D1238A /* magmallocProvider.d in Sources */ = {isa = PBXBuildFile; fileRef = 3FE91FD716A90A8D00D1238A /* magmallocProvider.d */; };
		3FE91FF216A90B9200D1238A /* malloc.c in Sources */ = {isa = PBXBuildFile; fileRef = 3FE91FD816A90A8D00D1238A /* malloc.c */; };
		3FE91FFA16A90BEF00D1238A /* malloc.h in Headers */ = {isa = PBXBuildFile; fileRef = 3FE91FF916A90BEF00D1238A /* malloc.h */; settings = {ATTRIBUTES = (Public, ); }; };
		4D38D0F928EF983000B75207 /* malloc_type.c in Sources */ = {isa = PBXBuildFile; fileRef = 4D38D0F828EF983000B75207 /* malloc_type.c */; };
		4DA4F8142A2916B900981635 /* wrapper_zones.c in Sources */ = {isa = PBXBuildFile; fileRef = 4DA4F8132A2916B900981635 /* wrapper_zones.c */; };
		4DABD07F25CB621700AFF1F8 /* stack_trace.h in Headers */ = {isa = PBXBuildFile; fileRef = 4DABD07D25CB621700AFF1F8 /* stack_trace.h */; };
		4DABD08025CB621700AFF1F8 /* stack_trace.c in Sources */ = {isa = PBXBuildFile; fileRef = 4DABD07E25CB621700AFF1F8 /* stack_trace.c */; };
		4DD5E17326F4CDCA00C14B08 /* has_section.c in Sources */ = {isa = PBXBuildFile; fileRef = 4DD5E17226F4CDCA00C14B08 /* has_section.c */; };
		4DF3190123D796550064A673 /* pgm_malloc.c in Sources */ = {isa = PBXBuildFile; fileRef = 4DF318FF23D796550064A673 /* pgm_malloc.c */; };
		4DF3190223D796550064A673 /* pgm_malloc.h in Headers */ = {isa = PBXBuildFile; fileRef = 4DF3190023D796550064A673 /* pgm_malloc.h */; };
		4DFD596729524CB300F1CA2F /* malloc_type_internal.h in Headers */ = {isa = PBXBuildFile; fileRef = 4DFD596529524C9700F1CA2F /* malloc_type_internal.h */; };
		4DFD596A29524CF300F1CA2F /* malloc_type_private.h in Headers */ = {isa = PBXBuildFile; fileRef = 4DFD596829524CEA00F1CA2F /* malloc_type_private.h */; settings = {ATTRIBUTES = (Private, ); }; };
		4DFD596C295259BA00F1CA2F /* _malloc_type.h in Headers */ = {isa = PBXBuildFile; fileRef = 4DFD596B295259B500F1CA2F /* _malloc_type.h */; settings = {ATTRIBUTES = (Public, ); }; };
		4F1ABDDB2D193CBF00D33152 /* missingDefines.h in Headers */ = {isa = PBXBuildFile; fileRef = 4F1ABDDA2D193CBF00D33152 /* missingDefines.h */; };
		6E18E02C29777E0A00EE7E0D /* early_malloc.h in Headers */ = {isa = PBXBuildFile; fileRef = 6E18E02A29777E0A00EE7E0D /* early_malloc.h */; };
		6E18E03029777E0A00EE7E0D /* early_malloc.c in Sources */ = {isa = PBXBuildFile; fileRef = 6E18E02B29777E0A00EE7E0D /* early_malloc.c */; };
		84637F8125C928B500D36067 /* malloc_private.modulemap in Headers */ = {isa = PBXBuildFile; fileRef = 84637F8025C9289100D36067 /* malloc_private.modulemap */; settings = {ATTRIBUTES = (Private, ); }; };
		8C32D36B255F4FD1006152A4 /* sanitizer_malloc.c in Sources */ = {isa = PBXBuildFile; fileRef = 8C32D36A255F4FD1006152A4 /* sanitizer_malloc.c */; };
		93C629F52ACB71240006CBDA /* xzone_metapool.c in Sources */ = {isa = PBXBuildFile; fileRef = 93C629F42ACB71240006CBDA /* xzone_metapool.c */; };
		B230961A2AB4F52B00917598 /* xzone_introspect.h in Headers */ = {isa = PBXBuildFile; fileRef = B23096182AB4F3DE00917598 /* xzone_introspect.h */; };
		B2395C7729EE0963006E9545 /* _ptrcheck.h in Headers */ = {isa = PBXBuildFile; fileRef = B2395C7629EE0962006E9545 /* _ptrcheck.h */; settings = {ATTRIBUTES = (Public, ); }; };
		B24F716829B7F11B0064241F /* sanitizer_malloc.h in Headers */ = {isa = PBXBuildFile; fileRef = 8CE61A27264EC6A9007EF8A3 /* sanitizer_malloc.h */; };
		B293DBC32AB1223E00EA1B30 /* xzone_introspect.c in Sources */ = {isa = PBXBuildFile; fileRef = B293DBC22AB1223E00EA1B30 /* xzone_introspect.c */; };
		B2C02C0629A852C000BD0C10 /* _platform.h in Headers */ = {isa = PBXBuildFile; fileRef = B2C02C0429A8529900BD0C10 /* _platform.h */; settings = {ATTRIBUTES = (Public, ); }; };
		B65FBE2C2087AA2F00E21F59 /* malloc_printf.c in Sources */ = {isa = PBXBuildFile; fileRef = B65FBE2B2087AA2F00E21F59 /* malloc_printf.c */; };
		B66C71D92034BFAE0047E265 /* malloc_common.h in Headers */ = {isa = PBXBuildFile; fileRef = B66C71D72034BFAE0047E265 /* malloc_common.h */; };
		B66C71DA2034BFAE0047E265 /* malloc_common.c in Sources */ = {isa = PBXBuildFile; fileRef = B66C71D82034BFAE0047E265 /* malloc_common.c */; };
		B68B7F9E1FCDCBC600BAD1AA /* nano_malloc_common.h in Headers */ = {isa = PBXBuildFile; fileRef = B68B7F9C1FCDCBC600BAD1AA /* nano_malloc_common.h */; };
		B68B7F9F1FCDCBC600BAD1AA /* nano_malloc_common.c in Sources */ = {isa = PBXBuildFile; fileRef = B68B7F9D1FCDCBC600BAD1AA /* nano_malloc_common.c */; };
		B68B7FA31FCDD67100BAD1AA /* nanov2_malloc.h in Headers */ = {isa = PBXBuildFile; fileRef = B68B7FA21FCDD60F00BAD1AA /* nanov2_malloc.h */; };
		B68B7FA51FCDD9A500BAD1AA /* nanov2_malloc.c in Sources */ = {isa = PBXBuildFile; fileRef = B68B7FA41FCDD9A500BAD1AA /* nanov2_malloc.c */; };
		B6AFD93C214C6198007983DA /* msl_lite_support.c in Sources */ = {isa = PBXBuildFile; fileRef = B6AFD93B214C6198007983DA /* msl_lite_support.c */; };
		B6CA644E1FCE2C1900DEBA12 /* nanov2_zone.h in Headers */ = {isa = PBXBuildFile; fileRef = B6CA644D1FCE2C0A00DEBA12 /* nanov2_zone.h */; };
		B6CA64521FCF1AD200DEBA12 /* nano_zone_common.h in Headers */ = {isa = PBXBuildFile; fileRef = B6CA64511FCF1AAD00DEBA12 /* nano_zone_common.h */; };
		B6D5C7F1202E26F80035E376 /* resolver.c in Sources */ = {isa = PBXBuildFile; fileRef = B6D5C7ED202E26CA0035E376 /* resolver.c */; };
		C0352EC71C3F3C4400DB5126 /* malloc_private.h in Headers */ = {isa = PBXBuildFile; fileRef = C0352EC61C3F3C3600DB5126 /* malloc_private.h */; settings = {ATTRIBUTES = (Private, ); }; };
		C932D2681D6B8D840063B19E /* vm.c in Sources */ = {isa = PBXBuildFile; fileRef = C932D2661D6B8D840063B19E /* vm.c */; };
		C932D2691D6B8D840063B19E /* vm.h in Headers */ = {isa = PBXBuildFile; fileRef = C932D2671D6B8D840063B19E /* vm.h */; };
		C938BBD31C74F7A400522BBD /* trace.h in Headers */ = {isa = PBXBuildFile; fileRef = C938BBD21C74F7A400522BBD /* trace.h */; };
		C94B447821925CA50005EA6F /* magazine_medium.c in Sources */ = {isa = PBXBuildFile; fileRef = C94B447721925C990005EA6F /* magazine_medium.c */; };
		C95742721BF2C2880027269A /* bitarray.h in Headers */ = {isa = PBXBuildFile; fileRef = 3FE91FD216A90A8D00D1238A /* bitarray.h */; };
		C95742731BF2C2880027269A /* internal.h in Headers */ = {isa = PBXBuildFile; fileRef = C957426D1BF2C0C80027269A /* internal.h */; };
		C95742741BF2C2880027269A /* locking.h in Headers */ = {isa = PBXBuildFile; fileRef = C957426E1BF2C1480027269A /* locking.h */; };
		C95742751BF2C2880027269A /* printf.h in Headers */ = {isa = PBXBuildFile; fileRef = 3FE91FD916A90A8D00D1238A /* printf.h */; };
		C95742761BF2C2880027269A /* platform.h in Headers */ = {isa = PBXBuildFile; fileRef = C9F77BBA1BF2B84800812E13 /* platform.h */; };
		C95742771BF2C2880027269A /* legacy_malloc.h in Headers */ = {isa = PBXBuildFile; fileRef = 3FE91FFB16A90E6C00D1238A /* legacy_malloc.h */; };
		C957427C1BF2C8DE0027269A /* debug.h in Headers */ = {isa = PBXBuildFile; fileRef = C957427B1BF2C8DE0027269A /* debug.h */; };
		C957427F1BF33D130027269A /* nano_zone.h in Headers */ = {isa = PBXBuildFile; fileRef = C957427E1BF33D130027269A /* nano_zone.h */; };
		C95742871BF3F9550027269A /* magazine_zone.h in Headers */ = {isa = PBXBuildFile; fileRef = C95742861BF3F9550027269A /* magazine_zone.h */; };
		C957428A1BF3FD290027269A /* base.h in Headers */ = {isa = PBXBuildFile; fileRef = C95742891BF3FD290027269A /* base.h */; };
		C957428D1BF411330027269A /* thresholds.h in Headers */ = {isa = PBXBuildFile; fileRef = C957428C1BF411330027269A /* thresholds.h */; };
		C95742901BF419DF0027269A /* magazine_tiny.c in Sources */ = {isa = PBXBuildFile; fileRef = C957428F1BF419DF0027269A /* magazine_tiny.c */; };
		C95742931BF41C970027269A /* magazine_inline.h in Headers */ = {isa = PBXBuildFile; fileRef = C95742921BF41C970027269A /* magazine_inline.h */; };
		C95742961BF41E480027269A /* magazine_malloc.h in Headers */ = {isa = PBXBuildFile; fileRef = C95742951BF41E480027269A /* magazine_malloc.h */; };
		C95742991BF670D00027269A /* magazine_small.c in Sources */ = {isa = PBXBuildFile; fileRef = C95742981BF670D00027269A /* magazine_small.c */; };
		C957429C1BF672F80027269A /* magazine_large.c in Sources */ = {isa = PBXBuildFile; fileRef = C957429B1BF672F80027269A /* magazine_large.c */; };
		C95742A01BF681B00027269A /* purgeable_malloc.c in Sources */ = {isa = PBXBuildFile; fileRef = C957429E1BF681B00027269A /* purgeable_malloc.c */; };
		C95742A21BF681B00027269A /* purgeable_malloc.h in Headers */ = {isa = PBXBuildFile; fileRef = C957429F1BF681B00027269A /* purgeable_malloc.h */; };
		C95742A61BF6842F0027269A /* frozen_malloc.c in Sources */ = {isa = PBXBuildFile; fileRef = C95742A41BF6842F0027269A /* frozen_malloc.c */; };
		C95742A81BF6842F0027269A /* frozen_malloc.h in Headers */ = {isa = PBXBuildFile; fileRef = C95742A51BF6842F0027269A /* frozen_malloc.h */; };
		C95742AB1BF685CB0027269A /* legacy_malloc.c in Sources */ = {isa = PBXBuildFile; fileRef = C95742AA1BF685CB0027269A /* legacy_malloc.c */; };
		C99E320B1D6F7366005655A8 /* magazine_rack.c in Sources */ = {isa = PBXBuildFile; fileRef = C99E32091D6F7366005655A8 /* magazine_rack.c */; };
		C99E320C1D6F7366005655A8 /* magazine_rack.h in Headers */ = {isa = PBXBuildFile; fileRef = C99E320A1D6F7366005655A8 /* magazine_rack.h */; };
		F765F92C29217BAA00E9649E /* xzone_segment.c in Sources */ = {isa = PBXBuildFile; fileRef = F765F92829217BAA00E9649E /* xzone_segment.c */; };
		F765F92D29217BAA00E9649E /* xzone_malloc.c in Sources */ = {isa = PBXBuildFile; fileRef = F765F92929217BAA00E9649E /* xzone_malloc.c */; };
		F765F92E29217BAA00E9649E /* xzone_inline_internal.h in Headers */ = {isa = PBXBuildFile; fileRef = F765F92A29217BAA00E9649E /* xzone_inline_internal.h */; };
		F765F92F29217BAA00E9649E /* xzone_malloc.h in Headers */ = {isa = PBXBuildFile; fileRef = F765F92B29217BAA00E9649E /* xzone_malloc.h */; };
/* End PBXBuildFile section */

/* Begin PBXFileReference section */
		06057A272A56B4B8005EF06B /* instrumentation.h */ = {isa = PBXFileReference; lastKnownFileType = sourcecode.c.h; path = instrumentation.h; sourceTree = "<group>"; };
		06057A282A56B4B8005EF06B /* instrumentation.c */ = {isa = PBXFileReference; lastKnownFileType = sourcecode.c.c; path = instrumentation.c; sourceTree = "<group>"; };
		08315121215ED9C700D97E04 /* malloc_implementation.h */ = {isa = PBXFileReference; lastKnownFileType = sourcecode.c.h; path = malloc_implementation.h; sourceTree = "<group>"; };
		084F5E831D50204F006CD296 /* Foundation.framework */ = {isa = PBXFileReference; lastKnownFileType = wrapper.framework; name = Foundation.framework; path = System/Library/Frameworks/Foundation.framework; sourceTree = SDKROOT; };
		086D54292159699B00A0ACD1 /* libSystem.B.tbd */ = {isa = PBXFileReference; lastKnownFileType = "sourcecode.text-based-dylib-definition"; name = libSystem.B.tbd; path = usr/lib/libSystem.B.tbd; sourceTree = SDKROOT; };
		2B67B5672040B3A50003E78F /* _malloc.h */ = {isa = PBXFileReference; lastKnownFileType = sourcecode.c.h; path = _malloc.h; sourceTree = "<group>"; };
		2BED1E6A203E2F7700CB8C15 /* make_tapi_happy.h */ = {isa = PBXFileReference; lastKnownFileType = sourcecode.c.h; path = make_tapi_happy.h; sourceTree = "<group>"; };
		3408F6B92912EC2E0036FFCF /* libmalloc_exclavekit.xcconfig */ = {isa = PBXFileReference; lastKnownFileType = text.xcconfig; path = libmalloc_exclavekit.xcconfig; sourceTree = "<group>"; };
		34B020CA29A545570058A44B /* libmalloc_exclavekit_test.xcconfig */ = {isa = PBXFileReference; lastKnownFileType = text.xcconfig; path = libmalloc_exclavekit_test.xcconfig; sourceTree = "<group>"; };
		34B020CC29A547340058A44B /* libmalloc_exclavekit_test.c */ = {isa = PBXFileReference; lastKnownFileType = sourcecode.c.c; path = libmalloc_exclavekit_test.c; sourceTree = "<group>"; };
		3A3397BF2981EF3500F9AFAD /* nano_common_tests.m */ = {isa = PBXFileReference; fileEncoding = 4; lastKnownFileType = sourcecode.c.objc; path = nano_common_tests.m; sourceTree = "<group>"; };
		3D157E7320354E02001630BF /* perfdata.framework */ = {isa = PBXFileReference; lastKnownFileType = wrapper.framework; name = perfdata.framework; path = ../MacOSX10.14.Internal.sdk/System/Library/PrivateFrameworks/perfdata.framework; sourceTree = SDKROOT; };
		3FC452FF18E4ABFE003D6A38 /* manpages.sh */ = {isa = PBXFileReference; lastKnownFileType = text.script.sh; path = manpages.sh; sourceTree = "<group>"; };
		3FE91FC916A90A8D00D1238A /* malloc.3 */ = {isa = PBXFileReference; lastKnownFileType = text; path = malloc.3; sourceTree = "<group>"; };
		3FE91FCA16A90A8D00D1238A /* malloc_size.3 */ = {isa = PBXFileReference; lastKnownFileType = text; path = malloc_size.3; sourceTree = "<group>"; };
		3FE91FCB16A90A8D00D1238A /* malloc_zone_malloc.3 */ = {isa = PBXFileReference; lastKnownFileType = text; path = malloc_zone_malloc.3; sourceTree = "<group>"; };
		3FE91FD116A90A8D00D1238A /* bitarray.c */ = {isa = PBXFileReference; lastKnownFileType = sourcecode.c.c; path = bitarray.c; sourceTree = "<group>"; };
		3FE91FD216A90A8D00D1238A /* bitarray.h */ = {isa = PBXFileReference; lastKnownFileType = sourcecode.c.h; path = bitarray.h; sourceTree = "<group>"; };
		3FE91FD616A90A8D00D1238A /* magazine_malloc.c */ = {isa = PBXFileReference; lastKnownFileType = sourcecode.c.c; lineEnding = 0; path = magazine_malloc.c; sourceTree = "<group>"; xcLanguageSpecificationIdentifier = xcode.lang.c; };
		3FE91FD716A90A8D00D1238A /* magmallocProvider.d */ = {isa = PBXFileReference; lastKnownFileType = sourcecode.dtrace; path = magmallocProvider.d; sourceTree = "<group>"; };
		3FE91FD816A90A8D00D1238A /* malloc.c */ = {isa = PBXFileReference; lastKnownFileType = sourcecode.c.c; path = malloc.c; sourceTree = "<group>"; };
		3FE91FD916A90A8D00D1238A /* printf.h */ = {isa = PBXFileReference; lastKnownFileType = sourcecode.c.h; path = printf.h; sourceTree = "<group>"; };
		3FE91FE016A90A8D00D1238A /* libmalloc.xcconfig */ = {isa = PBXFileReference; lastKnownFileType = text.xcconfig; path = libmalloc.xcconfig; sourceTree = "<group>"; };
		3FE91FE116A90A8D00D1238A /* libmalloc_eos.xcconfig */ = {isa = PBXFileReference; lastKnownFileType = text.xcconfig; path = libmalloc_eos.xcconfig; sourceTree = "<group>"; };
		3FE91FE316A90A8D00D1238A /* sanitise_headers.sh */ = {isa = PBXFileReference; lastKnownFileType = text.script.sh; path = sanitise_headers.sh; sourceTree = "<group>"; };
		3FE91FE816A90AEC00D1238A /* libsystem_malloc.dylib */ = {isa = PBXFileReference; explicitFileType = "compiled.mach-o.dylib"; includeInIndex = 0; path = libsystem_malloc.dylib; sourceTree = BUILT_PRODUCTS_DIR; };
		3FE91FF916A90BEF00D1238A /* malloc.h */ = {isa = PBXFileReference; fileEncoding = 4; lastKnownFileType = sourcecode.c.h; path = malloc.h; sourceTree = "<group>"; };
		3FE91FFB16A90E6C00D1238A /* legacy_malloc.h */ = {isa = PBXFileReference; fileEncoding = 4; lastKnownFileType = sourcecode.c.h; path = legacy_malloc.h; sourceTree = "<group>"; };
		4D20007425BA687B0018FFE6 /* malloc_zone_unregister_test.c */ = {isa = PBXFileReference; lastKnownFileType = sourcecode.c.c; path = malloc_zone_unregister_test.c; sourceTree = "<group>"; };
		4D38D0F828EF983000B75207 /* malloc_type.c */ = {isa = PBXFileReference; fileEncoding = 4; lastKnownFileType = sourcecode.c.c; path = malloc_type.c; sourceTree = "<group>"; };
		4D83DB142422F91A00CECCFE /* pgm_integration.c */ = {isa = PBXFileReference; lastKnownFileType = sourcecode.c.c; path = pgm_integration.c; sourceTree = "<group>"; tabWidth = 2; };
		4D87505A23F1D680005E25AA /* pgm_testing.h */ = {isa = PBXFileReference; lastKnownFileType = sourcecode.c.h; path = pgm_testing.h; sourceTree = "<group>"; tabWidth = 2; };
		4D87505B23F1DB2E005E25AA /* pgm_allocator.c */ = {isa = PBXFileReference; lastKnownFileType = sourcecode.c.c; path = pgm_allocator.c; sourceTree = "<group>"; tabWidth = 2; };
		4DA4F8132A2916B900981635 /* wrapper_zones.c */ = {isa = PBXFileReference; lastKnownFileType = sourcecode.c.c; path = wrapper_zones.c; sourceTree = "<group>"; };
		4DABD07D25CB621700AFF1F8 /* stack_trace.h */ = {isa = PBXFileReference; lastKnownFileType = sourcecode.c.h; path = stack_trace.h; sourceTree = "<group>"; };
		4DABD07E25CB621700AFF1F8 /* stack_trace.c */ = {isa = PBXFileReference; lastKnownFileType = sourcecode.c.c; path = stack_trace.c; sourceTree = "<group>"; };
		4DC7987424186ECB008F629E /* pgm_zone_api.c */ = {isa = PBXFileReference; lastKnownFileType = sourcecode.c.c; path = pgm_zone_api.c; sourceTree = "<group>"; tabWidth = 2; };
		4DD5962D23E22A3D00D573D2 /* pgm_internals.c */ = {isa = PBXFileReference; lastKnownFileType = sourcecode.c.c; path = pgm_internals.c; sourceTree = "<group>"; tabWidth = 2; };
		4DD5E17226F4CDCA00C14B08 /* has_section.c */ = {isa = PBXFileReference; fileEncoding = 4; lastKnownFileType = sourcecode.c.c; path = has_section.c; sourceTree = "<group>"; };
		4DF318FF23D796550064A673 /* pgm_malloc.c */ = {isa = PBXFileReference; fileEncoding = 4; lastKnownFileType = sourcecode.c.c; path = pgm_malloc.c; sourceTree = "<group>"; tabWidth = 2; };
		4DF3190023D796550064A673 /* pgm_malloc.h */ = {isa = PBXFileReference; fileEncoding = 4; lastKnownFileType = sourcecode.c.h; path = pgm_malloc.h; sourceTree = "<group>"; };
		4DFC7B2F25CBBE1300625B17 /* stack_trace_test.c */ = {isa = PBXFileReference; lastKnownFileType = sourcecode.c.c; path = stack_trace_test.c; sourceTree = "<group>"; };
		4DFC7B3125CBBE9800625B17 /* zone_names.c */ = {isa = PBXFileReference; lastKnownFileType = sourcecode.c.c; path = zone_names.c; sourceTree = "<group>"; };
		4DFD596529524C9700F1CA2F /* malloc_type_internal.h */ = {isa = PBXFileReference; fileEncoding = 4; lastKnownFileType = sourcecode.c.h; path = malloc_type_internal.h; sourceTree = "<group>"; };
		4DFD596829524CEA00F1CA2F /* malloc_type_private.h */ = {isa = PBXFileReference; fileEncoding = 4; lastKnownFileType = sourcecode.c.h; path = malloc_type_private.h; sourceTree = "<group>"; };
		4DFD596B295259B500F1CA2F /* _malloc_type.h */ = {isa = PBXFileReference; fileEncoding = 4; lastKnownFileType = sourcecode.c.h; path = _malloc_type.h; sourceTree = "<group>"; };
		4F1ABDB62D190F7600D33152 /* _simple.h */ = {isa = PBXFileReference; fileEncoding = 4; lastKnownFileType = sourcecode.c.h; path = _simple.h; sourceTree = "<group>"; };
		4F1ABDB72D190F9D00D33152 /* string.h */ = {isa = PBXFileReference; fileEncoding = 4; lastKnownFileType = sourcecode.c.h; path = string.h; sourceTree = "<group>"; };
		4F1ABDB82D190FAD00D33152 /* compat.h */ = {isa = PBXFileReference; fileEncoding = 4; lastKnownFileType = sourcecode.c.h; path = compat.h; sourceTree = "<group>"; };
		4F1ABDB92D190FD300D33152 /* dyld_priv.h */ = {isa = PBXFileReference; fileEncoding = 4; lastKnownFileType = sourcecode.c.h; path = dyld_priv.h; sourceTree = "<group>"; };
		4F1ABDBA2D190FD300D33152 /* dyld.h */ = {isa = PBXFileReference; fileEncoding = 4; lastKnownFileType = sourcecode.c.h; path = dyld.h; sourceTree = "<group>"; };
		4F1ABDBB2D19111C00D33152 /* utils.cpp */ = {isa = PBXFileReference; fileEncoding = 4; lastKnownFileType = sourcecode.cpp.cpp; path = utils.cpp; sourceTree = "<group>"; };
		4F1ABDBD2D19224A00D33152 /* vm_reclaim.h */ = {isa = PBXFileReference; fileEncoding = 4; lastKnownFileType = sourcecode.c.h; path = vm_reclaim.h; sourceTree = "<group>"; };
		4F1ABDBF2D19229300D33152 /* cpu_capabilities.h */ = {isa = PBXFileReference; fileEncoding = 4; lastKnownFileType = sourcecode.c.h; path = cpu_capabilities.h; sourceTree = "<group>"; };
		4F1ABDC12D19237F00D33152 /* base_private.h */ = {isa = PBXFileReference; fileEncoding = 4; lastKnownFileType = sourcecode.c.h; path = base_private.h; sourceTree = "<group>"; };
		4F1ABDC22D19237F00D33152 /* atomic_private.h */ = {isa = PBXFileReference; fileEncoding = 4; lastKnownFileType = sourcecode.c.h; path = atomic_private.h; sourceTree = "<group>"; };
		4F1ABDC32D1923C100D33152 /* atomic_private_impl.h */ = {isa = PBXFileReference; fileEncoding = 4; lastKnownFileType = sourcecode.c.h; path = atomic_private_impl.h; sourceTree = "<group>"; };
		4F1ABDC42D19241500D33152 /* atomic_private_arch.h */ = {isa = PBXFileReference; fileEncoding = 4; lastKnownFileType = sourcecode.c.h; path = atomic_private_arch.h; sourceTree = "<group>"; };
		4F1ABDC52D19317C00D33152 /* crashlog_private.h */ = {isa = PBXFileReference; fileEncoding = 4; lastKnownFileType = sourcecode.c.h; path = crashlog_private.h; sourceTree = "<group>"; };
		4F1ABDC62D19319D00D33152 /* once_private.h */ = {isa = PBXFileReference; fileEncoding = 4; lastKnownFileType = sourcecode.c.h; path = once_private.h; sourceTree = "<group>"; };
		4F1ABDC72D19319D00D33152 /* lock_private.h */ = {isa = PBXFileReference; fileEncoding = 4; lastKnownFileType = sourcecode.c.h; path = lock_private.h; sourceTree = "<group>"; };
		4F1ABDC92D19330200D33152 /* tsd_private.h */ = {isa = PBXFileReference; fileEncoding = 4; lastKnownFileType = sourcecode.c.h; path = tsd_private.h; sourceTree = "<group>"; };
		4F1ABDCA2D19337E00D33152 /* tsd.h */ = {isa = PBXFileReference; fileEncoding = 4; lastKnownFileType = sourcecode.c.h; path = tsd.h; sourceTree = "<group>"; };
		4F1ABDCB2D19343600D33152 /* private.h */ = {isa = PBXFileReference; fileEncoding = 4; lastKnownFileType = sourcecode.c.h; path = private.h; sourceTree = "<group>"; };
		4F1ABDCD2D19351100D33152 /* param.h */ = {isa = PBXFileReference; fileEncoding = 4; lastKnownFileType = sourcecode.c.h; path = param.h; sourceTree = "<group>"; };
		4F1ABDCE2D19351100D33152 /* event.h */ = {isa = PBXFileReference; fileEncoding = 4; lastKnownFileType = sourcecode.c.h; path = event.h; sourceTree = "<group>"; };
		4F1ABDD02D19351100D33152 /* csr.h */ = {isa = PBXFileReference; fileEncoding = 4; lastKnownFileType = sourcecode.c.h; path = csr.h; sourceTree = "<group>"; };
		4F1ABDD12D19351100D33152 /* stat.h */ = {isa = PBXFileReference; fileEncoding = 4; lastKnownFileType = sourcecode.c.h; path = stat.h; sourceTree = "<group>"; };
		4F1ABDD22D19351100D33152 /* sysctl.h */ = {isa = PBXFileReference; fileEncoding = 4; lastKnownFileType = sourcecode.c.h; path = sysctl.h; sourceTree = "<group>"; };
		4F1ABDD32D19351100D33152 /* random.h */ = {isa = PBXFileReference; fileEncoding = 4; lastKnownFileType = sourcecode.c.h; path = random.h; sourceTree = "<group>"; };
		4F1ABDD42D1935D600D33152 /* codesign.h */ = {isa = PBXFileReference; fileEncoding = 4; lastKnownFileType = sourcecode.c.h; path = codesign.h; sourceTree = "<group>"; };
		4F1ABDD62D19367E00D33152 /* cs_blobs.h */ = {isa = PBXFileReference; fileEncoding = 4; lastKnownFileType = sourcecode.c.h; path = cs_blobs.h; sourceTree = "<group>"; };
		4F1ABDD82D19371D00D33152 /* vmparam.h */ = {isa = PBXFileReference; fileEncoding = 4; lastKnownFileType = sourcecode.c.h; path = vmparam.h; sourceTree = "<group>"; };
		4F1ABDD92D19371D00D33152 /* ulock.h */ = {isa = PBXFileReference; fileEncoding = 4; lastKnownFileType = sourcecode.c.h; path = ulock.h; sourceTree = "<group>"; };
		4F1ABDDA2D193CBF00D33152 /* missingDefines.h */ = {isa = PBXFileReference; lastKnownFileType = sourcecode.c.h; path = missingDefines.h; sourceTree = "<group>"; };
		6E18E02A29777E0A00EE7E0D /* early_malloc.h */ = {isa = PBXFileReference; fileEncoding = 4; lastKnownFileType = sourcecode.c.h; path = early_malloc.h; sourceTree = "<group>"; };
		6E18E02B29777E0A00EE7E0D /* early_malloc.c */ = {isa = PBXFileReference; fileEncoding = 4; lastKnownFileType = sourcecode.c.c; path = early_malloc.c; sourceTree = "<group>"; };
		6EE262112978C210006430D6 /* mfm_test.c */ = {isa = PBXFileReference; lastKnownFileType = sourcecode.c.c; path = mfm_test.c; sourceTree = "<group>"; };
		84637F8025C9289100D36067 /* malloc_private.modulemap */ = {isa = PBXFileReference; lastKnownFileType = "sourcecode.module-map"; path = malloc_private.modulemap; sourceTree = "<group>"; };
		875E02E32125B62300A7FE8A /* aligned_alloc_test.c */ = {isa = PBXFileReference; lastKnownFileType = sourcecode.c.c; path = aligned_alloc_test.c; sourceTree = "<group>"; };
		875E02E42125C1D100A7FE8A /* posix_memalign_test.c */ = {isa = PBXFileReference; fileEncoding = 4; lastKnownFileType = sourcecode.c.c; path = posix_memalign_test.c; sourceTree = "<group>"; };
		8C1C9DF4268127AC00B7B3E4 /* sanitizer_tests.m */ = {isa = PBXFileReference; lastKnownFileType = sourcecode.c.objc; path = sanitizer_tests.m; sourceTree = "<group>"; };
		8C32D36A255F4FD1006152A4 /* sanitizer_malloc.c */ = {isa = PBXFileReference; fileEncoding = 4; lastKnownFileType = sourcecode.c.c; path = sanitizer_malloc.c; sourceTree = "<group>"; };
		8CB962B01F7E9F610046942E /* asan.c */ = {isa = PBXFileReference; lastKnownFileType = sourcecode.c.c; path = asan.c; sourceTree = "<group>"; };
		8CB962B11F7E9FD00046942E /* tsan.c */ = {isa = PBXFileReference; lastKnownFileType = sourcecode.c.c; path = tsan.c; sourceTree = "<group>"; };
		8CE61A27264EC6A9007EF8A3 /* sanitizer_malloc.h */ = {isa = PBXFileReference; lastKnownFileType = sourcecode.c.h; path = sanitizer_malloc.h; sourceTree = "<group>"; };
		925383D01BD03B4A00F745DB /* Makefile */ = {isa = PBXFileReference; fileEncoding = 4; lastKnownFileType = sourcecode.make; path = Makefile; sourceTree = "<group>"; };
		925383D11BD03B4A00F745DB /* stress_test.c */ = {isa = PBXFileReference; fileEncoding = 4; lastKnownFileType = sourcecode.c.c; path = stress_test.c; sourceTree = "<group>"; };
		925383D31BD03B8F00F745DB /* manpages.lst */ = {isa = PBXFileReference; fileEncoding = 4; lastKnownFileType = text; path = manpages.lst; sourceTree = "<group>"; };
		93C629F42ACB71240006CBDA /* xzone_metapool.c */ = {isa = PBXFileReference; fileEncoding = 4; lastKnownFileType = sourcecode.c.c; path = xzone_metapool.c; sourceTree = "<group>"; };
		93D0A0752B16AAE500009B69 /* EVE.libmalloc.exclavecore-darwintest.bundle.definition.json */ = {isa = PBXFileReference; lastKnownFileType = text.json; name = "EVE.libmalloc.exclavecore-darwintest.bundle.definition.json"; path = "System/ExclaveCore/usr/local/share/bundle/EVE.libmalloc.exclavecore-darwintest.bundle.definition.json"; sourceTree = SDKROOT; };
		93D0A0762B16AAE500009B69 /* EVE.libmalloc.exclavekit-darwintest.bundle.definition.json */ = {isa = PBXFileReference; lastKnownFileType = text.json; name = "EVE.libmalloc.exclavekit-darwintest.bundle.definition.json"; path = "System/ExclaveCore/usr/local/share/bundle/EVE.libmalloc.exclavekit-darwintest.bundle.definition.json"; sourceTree = SDKROOT; };
		93D0A0782B16AAE500009B69 /* EVE.libmalloc.exclavekit-darwintest.new.bundle.definition.json */ = {isa = PBXFileReference; lastKnownFileType = text.json; name = "EVE.libmalloc.exclavekit-darwintest.new.bundle.definition.json"; path = "System/ExclaveCore/usr/local/share/bundle/EVE.libmalloc.exclavekit-darwintest.new.bundle.definition.json"; sourceTree = SDKROOT; };
		93D0A0792B16AAE500009B69 /* EVE.libmalloc.exclavecore-darwintest.new.bundle.definition.json */ = {isa = PBXFileReference; lastKnownFileType = text.json; name = "EVE.libmalloc.exclavecore-darwintest.new.bundle.definition.json"; path = "System/ExclaveCore/usr/local/share/bundle/EVE.libmalloc.exclavecore-darwintest.new.bundle.definition.json"; sourceTree = SDKROOT; };
		93D0A07B2B16AB1F00009B69 /* EVE.libmalloc.exclavecore-darwintest.component.definition.json */ = {isa = PBXFileReference; lastKnownFileType = text.json; name = "EVE.libmalloc.exclavecore-darwintest.component.definition.json"; path = "System/ExclaveCore/usr/local/share/component/EVE.libmalloc.exclavecore-darwintest.component.definition.json"; sourceTree = SDKROOT; };
		93D0A07D2B16AB1F00009B69 /* EVE.libmalloc.exclavekit-darwintest.component.definition.json */ = {isa = PBXFileReference; lastKnownFileType = text.json; name = "EVE.libmalloc.exclavekit-darwintest.component.definition.json"; path = "System/ExclaveCore/usr/local/share/component/EVE.libmalloc.exclavekit-darwintest.component.definition.json"; sourceTree = SDKROOT; };
		93D0A07E2B16AB1F00009B69 /* EVE.libmalloc.exclavecore-darwintest.new.component.definition.json */ = {isa = PBXFileReference; lastKnownFileType = text.json; name = "EVE.libmalloc.exclavecore-darwintest.new.component.definition.json"; path = "System/ExclaveCore/usr/local/share/component/EVE.libmalloc.exclavecore-darwintest.new.component.definition.json"; sourceTree = SDKROOT; };
		93D0A0852B16AE5A00009B69 /* libmalloc_exclavecore_darwintests.xcconfig */ = {isa = PBXFileReference; lastKnownFileType = text.xcconfig; path = libmalloc_exclavecore_darwintests.xcconfig; sourceTree = "<group>"; };
		93D0A0862B16AE5A00009B69 /* libmalloc_exclavekit_darwintests.xcconfig */ = {isa = PBXFileReference; lastKnownFileType = text.xcconfig; path = libmalloc_exclavekit_darwintests.xcconfig; sourceTree = "<group>"; };
		96C6DA1F27DAC25C008D0061 /* magazine_large_tests.m */ = {isa = PBXFileReference; lastKnownFileType = sourcecode.c.objc; path = magazine_large_tests.m; sourceTree = "<group>"; };
		96E1C8ED2653373700B23906 /* magazine_medium_test.c */ = {isa = PBXFileReference; lastKnownFileType = sourcecode.c.c; path = magazine_medium_test.c; sourceTree = "<group>"; };
		B23096182AB4F3DE00917598 /* xzone_introspect.h */ = {isa = PBXFileReference; lastKnownFileType = sourcecode.c.h; name = xzone_introspect.h; path = src/xzone/xzone_introspect.h; sourceTree = SOURCE_ROOT; };
		B2395C7629EE0962006E9545 /* _ptrcheck.h */ = {isa = PBXFileReference; fileEncoding = 4; lastKnownFileType = sourcecode.c.h; path = _ptrcheck.h; sourceTree = "<group>"; };
		B23F6AB02A982F630062A4E0 /* libmalloc_common.xcconfig */ = {isa = PBXFileReference; lastKnownFileType = text.xcconfig; path = libmalloc_common.xcconfig; sourceTree = "<group>"; };
		B24F716229B2927B0064241F /* libmicrotest.a */ = {isa = PBXFileReference; lastKnownFileType = archive.ar; name = libmicrotest.a; path = System/ExclaveKit/usr/lib/libmicrotest.a; sourceTree = SDKROOT; };
		B2507D572A3A677700FC0B66 /* malloc_private_exclavekit.modulemap */ = {isa = PBXFileReference; fileEncoding = 4; lastKnownFileType = "sourcecode.module-map"; path = malloc_private_exclavekit.modulemap; sourceTree = "<group>"; };
		B26D4A9B2A32B1D000591E03 /* libmalloc_exclavecore.xcconfig */ = {isa = PBXFileReference; lastKnownFileType = text.xcconfig; path = libmalloc_exclavecore.xcconfig; sourceTree = "<group>"; };
		B293DBC12AB11FF500EA1B30 /* libmalloc_exclaves_introspector.xcconfig */ = {isa = PBXFileReference; lastKnownFileType = text.xcconfig; path = libmalloc_exclaves_introspector.xcconfig; sourceTree = "<group>"; };
		B293DBC22AB1223E00EA1B30 /* xzone_introspect.c */ = {isa = PBXFileReference; lastKnownFileType = sourcecode.c.c; path = xzone_introspect.c; sourceTree = "<group>"; };
		B299F39B2B48D5DB00EA6D23 /* xzone_introspect_stub.c */ = {isa = PBXFileReference; fileEncoding = 4; lastKnownFileType = sourcecode.c.c; path = xzone_introspect_stub.c; sourceTree = "<group>"; };
		B29E9A5829FC651300C0EBFF /* malloc_exclaves.c */ = {isa = PBXFileReference; lastKnownFileType = sourcecode.c.c; path = malloc_exclaves.c; sourceTree = "<group>"; };
		B2B1803329BBCB2F00B4D3D3 /* bounds_test.c */ = {isa = PBXFileReference; lastKnownFileType = sourcecode.c.c; path = bounds_test.c; sourceTree = "<group>"; };
		B2C02C0429A8529900BD0C10 /* _platform.h */ = {isa = PBXFileReference; lastKnownFileType = sourcecode.c.h; path = _platform.h; sourceTree = "<group>"; };
		B2CDBA0A2A8164AA00E76A55 /* allocator.modulemap */ = {isa = PBXFileReference; fileEncoding = 4; lastKnownFileType = "sourcecode.module-map"; path = allocator.modulemap; sourceTree = "<group>"; };
		B2F5F14329726BC500DFEFBB /* liblibc.tbd */ = {isa = PBXFileReference; lastKnownFileType = "sourcecode.text-based-dylib-definition"; name = liblibc.tbd; path = System/ExclaveKit/usr/lib/system/liblibc.tbd; sourceTree = SDKROOT; };
		B61341DD20114B070038D163 /* ktrace.framework */ = {isa = PBXFileReference; lastKnownFileType = wrapper.framework; name = ktrace.framework; path = Platforms/MacOSX.platform/Developer/SDKs/MacOSX10.14.Internal.sdk/System/Library/PrivateFrameworks/ktrace.framework; sourceTree = DEVELOPER_DIR; };
		B629CF29202BA3C2007719B9 /* libmalloc_resolver.xcconfig */ = {isa = PBXFileReference; lastKnownFileType = text.xcconfig; path = libmalloc_resolver.xcconfig; sourceTree = "<group>"; };
		B629CF46202BBDEC007719B9 /* resolver_internal.h */ = {isa = PBXFileReference; fileEncoding = 4; lastKnownFileType = sourcecode.c.h; path = resolver_internal.h; sourceTree = "<group>"; };
		B629CF48202BBE3B007719B9 /* resolver.h */ = {isa = PBXFileReference; lastKnownFileType = sourcecode.c.h; path = resolver.h; sourceTree = "<group>"; };
		B64E100A205311DC004C4BA6 /* malloc_size_test.c */ = {isa = PBXFileReference; lastKnownFileType = sourcecode.c.c; path = malloc_size_test.c; sourceTree = "<group>"; };
		B6536A62204754B6005FBE22 /* perf_contended_malloc_free.c */ = {isa = PBXFileReference; lastKnownFileType = sourcecode.c.c; path = perf_contended_malloc_free.c; sourceTree = "<group>"; };
		B6536A6320475BA4005FBE22 /* basic_malloc_free_perf.c */ = {isa = PBXFileReference; lastKnownFileType = sourcecode.c.c; path = basic_malloc_free_perf.c; sourceTree = "<group>"; };
		B65A635D2252B3A000A95474 /* memory_pressure.c */ = {isa = PBXFileReference; fileEncoding = 4; lastKnownFileType = sourcecode.c.c; path = memory_pressure.c; sourceTree = "<group>"; };
		B65FBE2B2087AA2F00E21F59 /* malloc_printf.c */ = {isa = PBXFileReference; fileEncoding = 4; lastKnownFileType = sourcecode.c.c; path = malloc_printf.c; sourceTree = "<group>"; };
		B66AA658202A70B00019D607 /* libmalloc_resolved.xcconfig */ = {isa = PBXFileReference; lastKnownFileType = text.xcconfig; path = libmalloc_resolved.xcconfig; sourceTree = "<group>"; };
		B66C71D72034BFAE0047E265 /* malloc_common.h */ = {isa = PBXFileReference; lastKnownFileType = sourcecode.c.h; path = malloc_common.h; sourceTree = "<group>"; };
		B66C71D82034BFAE0047E265 /* malloc_common.c */ = {isa = PBXFileReference; lastKnownFileType = sourcecode.c.c; path = malloc_common.c; sourceTree = "<group>"; };
		B670DABD2072D0BB00139A1D /* perf_realloc.c */ = {isa = PBXFileReference; lastKnownFileType = sourcecode.c.c; path = perf_realloc.c; sourceTree = "<group>"; };
		B6726EC92092473D00E8AF5A /* malloc_heap_check_test.c */ = {isa = PBXFileReference; lastKnownFileType = sourcecode.c.c; path = malloc_heap_check_test.c; sourceTree = "<group>"; };
		B675F74520213D0A00B5038B /* nano_tests.c */ = {isa = PBXFileReference; lastKnownFileType = sourcecode.c.c; path = nano_tests.c; sourceTree = "<group>"; };
		B68B7F9C1FCDCBC600BAD1AA /* nano_malloc_common.h */ = {isa = PBXFileReference; lastKnownFileType = sourcecode.c.h; path = nano_malloc_common.h; sourceTree = "<group>"; };
		B68B7F9D1FCDCBC600BAD1AA /* nano_malloc_common.c */ = {isa = PBXFileReference; lastKnownFileType = sourcecode.c.c; path = nano_malloc_common.c; sourceTree = "<group>"; };
		B68B7FA21FCDD60F00BAD1AA /* nanov2_malloc.h */ = {isa = PBXFileReference; lastKnownFileType = sourcecode.c.h; path = nanov2_malloc.h; sourceTree = "<group>"; };
		B68B7FA41FCDD9A500BAD1AA /* nanov2_malloc.c */ = {isa = PBXFileReference; lastKnownFileType = sourcecode.c.c; path = nanov2_malloc.c; sourceTree = "<group>"; };
		B68C985C2180BEB5003DAF36 /* region_cookie_test.c */ = {isa = PBXFileReference; lastKnownFileType = sourcecode.c.c; path = region_cookie_test.c; sourceTree = "<group>"; };
		B69B2B941FB3D00500FD5A8F /* magazine_malloc.c */ = {isa = PBXFileReference; lastKnownFileType = sourcecode.c.c; path = magazine_malloc.c; sourceTree = "<group>"; };
		B6A414EA1FBDF01C0038DC53 /* malloc_claimed_address_tests.c */ = {isa = PBXFileReference; lastKnownFileType = sourcecode.c.c; path = malloc_claimed_address_tests.c; sourceTree = "<group>"; };
		B6A494971F9918DD0016A799 /* calloc_test.c */ = {isa = PBXFileReference; lastKnownFileType = sourcecode.c.c; path = calloc_test.c; sourceTree = "<group>"; };
		B6A9C48C1F991716007D0853 /* malloc_free_test.c */ = {isa = PBXFileReference; lastKnownFileType = sourcecode.c.c; path = malloc_free_test.c; sourceTree = "<group>"; };
		B6AFD93B214C6198007983DA /* msl_lite_support.c */ = {isa = PBXFileReference; lastKnownFileType = sourcecode.c.c; path = msl_lite_support.c; sourceTree = "<group>"; };
		B6C1C9C720D9B70F002CCC0B /* nano_trace_replay.c */ = {isa = PBXFileReference; lastKnownFileType = sourcecode.c.c; path = nano_trace_replay.c; sourceTree = "<group>"; };
		B6CA644D1FCE2C0A00DEBA12 /* nanov2_zone.h */ = {isa = PBXFileReference; lastKnownFileType = sourcecode.c.h; path = nanov2_zone.h; sourceTree = "<group>"; };
		B6CA64511FCF1AAD00DEBA12 /* nano_zone_common.h */ = {isa = PBXFileReference; lastKnownFileType = sourcecode.c.h; path = nano_zone_common.h; sourceTree = "<group>"; };
		B6D2ED552007D91A007AF994 /* malloc_replay.cpp */ = {isa = PBXFileReference; fileEncoding = 4; lastKnownFileType = sourcecode.cpp.cpp; path = malloc_replay.cpp; sourceTree = "<group>"; };
		B6D2ED562007D91A007AF994 /* malloc_replay.h */ = {isa = PBXFileReference; fileEncoding = 4; lastKnownFileType = sourcecode.c.h; path = malloc_replay.h; sourceTree = "<group>"; };
		B6D59B0E225EA90E009E5896 /* reallocarray.c */ = {isa = PBXFileReference; fileEncoding = 4; lastKnownFileType = sourcecode.c.c; path = reallocarray.c; sourceTree = "<group>"; };
		B6D5C7ED202E26CA0035E376 /* resolver.c */ = {isa = PBXFileReference; lastKnownFileType = sourcecode.c.c; path = resolver.c; sourceTree = "<group>"; };
		C002C5B2251A7A2400D00D15 /* BATS.plist */ = {isa = PBXFileReference; fileEncoding = 4; lastKnownFileType = text.plist.xml; path = BATS.plist; sourceTree = "<group>"; };
		C0352EC61C3F3C3600DB5126 /* malloc_private.h */ = {isa = PBXFileReference; fileEncoding = 4; lastKnownFileType = sourcecode.c.h; path = malloc_private.h; sourceTree = "<group>"; };
		C0545CBE251A753D000273D3 /* malloc_mocks.c */ = {isa = PBXFileReference; lastKnownFileType = sourcecode.c.c; path = malloc_mocks.c; sourceTree = "<group>"; };
		C0ACD6CC2510274B000C20CB /* Info.plist */ = {isa = PBXFileReference; lastKnownFileType = text.plist.xml; path = Info.plist; sourceTree = "<group>"; };
		C0ACD6D225102817000C20CB /* libmalloc_xctests.xcconfig */ = {isa = PBXFileReference; fileEncoding = 4; lastKnownFileType = text.xcconfig; path = libmalloc_xctests.xcconfig; sourceTree = "<group>"; };
		C0ACD6D325102A16000C20CB /* magazine_small_tests.m */ = {isa = PBXFileReference; lastKnownFileType = sourcecode.c.objc; path = magazine_small_tests.m; sourceTree = "<group>"; };
		C0CE450E1C52B9E300C24048 /* libmalloc_static.xcconfig */ = {isa = PBXFileReference; lastKnownFileType = text.xcconfig; path = libmalloc_static.xcconfig; sourceTree = "<group>"; };
		C901C4BD23EDEAAA00E9E7EB /* libmalloc.plist */ = {isa = PBXFileReference; lastKnownFileType = text.plist.xml; path = libmalloc.plist; sourceTree = "<group>"; };
		C92853A01C767F08001FEAF3 /* install-codes.sh */ = {isa = PBXFileReference; lastKnownFileType = text.script.sh; path = "install-codes.sh"; sourceTree = "<group>"; };
		C931B58F1C81248100D0D230 /* madvise.c */ = {isa = PBXFileReference; lastKnownFileType = sourcecode.c.c; path = madvise.c; sourceTree = "<group>"; };
		C932D2631D6B6ED40063B19E /* magazine_tiny_test.c */ = {isa = PBXFileReference; lastKnownFileType = sourcecode.c.c; path = magazine_tiny_test.c; sourceTree = "<group>"; };
		C932D2641D6B73270063B19E /* dtrace.h */ = {isa = PBXFileReference; lastKnownFileType = sourcecode.c.h; path = dtrace.h; sourceTree = "<group>"; };
		C932D2661D6B8D840063B19E /* vm.c */ = {isa = PBXFileReference; fileEncoding = 4; lastKnownFileType = sourcecode.c.c; path = vm.c; sourceTree = "<group>"; };
		C932D2671D6B8D840063B19E /* vm.h */ = {isa = PBXFileReference; fileEncoding = 4; lastKnownFileType = sourcecode.c.h; path = vm.h; sourceTree = "<group>"; };
		C938BBD21C74F7A400522BBD /* trace.h */ = {isa = PBXFileReference; fileEncoding = 4; lastKnownFileType = sourcecode.c.h; path = trace.h; sourceTree = "<group>"; };
		C93F76D71D6B9F8C0088931B /* magazine_testing.h */ = {isa = PBXFileReference; lastKnownFileType = sourcecode.c.h; path = magazine_testing.h; sourceTree = "<group>"; };
		C94B447721925C990005EA6F /* magazine_medium.c */ = {isa = PBXFileReference; fileEncoding = 4; lastKnownFileType = sourcecode.c.c; path = magazine_medium.c; sourceTree = "<group>"; };
		C9571C391C18AA1D00A67EE3 /* stack_logging.h */ = {isa = PBXFileReference; fileEncoding = 4; lastKnownFileType = sourcecode.c.h; path = stack_logging.h; sourceTree = "<group>"; };
		C957426D1BF2C0C80027269A /* internal.h */ = {isa = PBXFileReference; lastKnownFileType = sourcecode.c.h; path = internal.h; sourceTree = "<group>"; };
		C957426E1BF2C1480027269A /* locking.h */ = {isa = PBXFileReference; lastKnownFileType = sourcecode.c.h; path = locking.h; sourceTree = "<group>"; };
		C957427B1BF2C8DE0027269A /* debug.h */ = {isa = PBXFileReference; fileEncoding = 4; lastKnownFileType = sourcecode.c.h; path = debug.h; sourceTree = "<group>"; };
		C957427E1BF33D130027269A /* nano_zone.h */ = {isa = PBXFileReference; fileEncoding = 4; lastKnownFileType = sourcecode.c.h; path = nano_zone.h; sourceTree = "<group>"; };
		C95742861BF3F9550027269A /* magazine_zone.h */ = {isa = PBXFileReference; fileEncoding = 4; lastKnownFileType = sourcecode.c.h; path = magazine_zone.h; sourceTree = "<group>"; };
		C95742891BF3FD290027269A /* base.h */ = {isa = PBXFileReference; fileEncoding = 4; lastKnownFileType = sourcecode.c.h; path = base.h; sourceTree = "<group>"; };
		C957428C1BF411330027269A /* thresholds.h */ = {isa = PBXFileReference; fileEncoding = 4; lastKnownFileType = sourcecode.c.h; path = thresholds.h; sourceTree = "<group>"; };
		C957428F1BF419DF0027269A /* magazine_tiny.c */ = {isa = PBXFileReference; fileEncoding = 4; lastKnownFileType = sourcecode.c.c; lineEnding = 0; path = magazine_tiny.c; sourceTree = "<group>"; xcLanguageSpecificationIdentifier = xcode.lang.c; };
		C95742921BF41C970027269A /* magazine_inline.h */ = {isa = PBXFileReference; fileEncoding = 4; lastKnownFileType = sourcecode.c.h; lineEnding = 0; path = magazine_inline.h; sourceTree = "<group>"; xcLanguageSpecificationIdentifier = xcode.lang.objcpp; };
		C95742951BF41E480027269A /* magazine_malloc.h */ = {isa = PBXFileReference; fileEncoding = 4; lastKnownFileType = sourcecode.c.h; path = magazine_malloc.h; sourceTree = "<group>"; };
		C95742981BF670D00027269A /* magazine_small.c */ = {isa = PBXFileReference; fileEncoding = 4; lastKnownFileType = sourcecode.c.c; lineEnding = 0; path = magazine_small.c; sourceTree = "<group>"; xcLanguageSpecificationIdentifier = xcode.lang.c; };
		C957429B1BF672F80027269A /* magazine_large.c */ = {isa = PBXFileReference; fileEncoding = 4; lastKnownFileType = sourcecode.c.c; path = magazine_large.c; sourceTree = "<group>"; };
		C957429E1BF681B00027269A /* purgeable_malloc.c */ = {isa = PBXFileReference; fileEncoding = 4; lastKnownFileType = sourcecode.c.c; path = purgeable_malloc.c; sourceTree = "<group>"; };
		C957429F1BF681B00027269A /* purgeable_malloc.h */ = {isa = PBXFileReference; fileEncoding = 4; lastKnownFileType = sourcecode.c.h; path = purgeable_malloc.h; sourceTree = "<group>"; };
		C95742A41BF6842F0027269A /* frozen_malloc.c */ = {isa = PBXFileReference; fileEncoding = 4; lastKnownFileType = sourcecode.c.c; path = frozen_malloc.c; sourceTree = "<group>"; };
		C95742A51BF6842F0027269A /* frozen_malloc.h */ = {isa = PBXFileReference; fileEncoding = 4; lastKnownFileType = sourcecode.c.h; path = frozen_malloc.h; sourceTree = "<group>"; };
		C95742AA1BF685CB0027269A /* legacy_malloc.c */ = {isa = PBXFileReference; fileEncoding = 4; lastKnownFileType = sourcecode.c.c; path = legacy_malloc.c; sourceTree = "<group>"; };
		C99E32091D6F7366005655A8 /* magazine_rack.c */ = {isa = PBXFileReference; fileEncoding = 4; lastKnownFileType = sourcecode.c.c; path = magazine_rack.c; sourceTree = "<group>"; };
		C99E320A1D6F7366005655A8 /* magazine_rack.h */ = {isa = PBXFileReference; fileEncoding = 4; lastKnownFileType = sourcecode.c.h; path = magazine_rack.h; sourceTree = "<group>"; };
		C9ABCA041CB6FC6800ECB399 /* empty.s */ = {isa = PBXFileReference; fileEncoding = 4; lastKnownFileType = sourcecode.asm; path = empty.s; sourceTree = "<group>"; };
		C9F77BBA1BF2B84800812E13 /* platform.h */ = {isa = PBXFileReference; lastKnownFileType = sourcecode.c.h; path = platform.h; sourceTree = "<group>"; };
		C9F8C2681D70B521008C4044 /* magazine_small_test.c */ = {isa = PBXFileReference; lastKnownFileType = sourcecode.c.c; path = magazine_small_test.c; sourceTree = "<group>"; };
		C9F8C2691D74C93A008C4044 /* magazine_rack.c */ = {isa = PBXFileReference; lastKnownFileType = sourcecode.c.c; path = magazine_rack.c; sourceTree = "<group>"; };
		F7099C96275346A900C9F66F /* magazine_tiny_tests.m */ = {isa = PBXFileReference; fileEncoding = 4; lastKnownFileType = sourcecode.c.objc; path = magazine_tiny_tests.m; sourceTree = "<group>"; };
		F765F92829217BAA00E9649E /* xzone_segment.c */ = {isa = PBXFileReference; fileEncoding = 4; lastKnownFileType = sourcecode.c.c; path = xzone_segment.c; sourceTree = "<group>"; };
		F765F92929217BAA00E9649E /* xzone_malloc.c */ = {isa = PBXFileReference; fileEncoding = 4; lastKnownFileType = sourcecode.c.c; path = xzone_malloc.c; sourceTree = "<group>"; };
		F765F92A29217BAA00E9649E /* xzone_inline_internal.h */ = {isa = PBXFileReference; fileEncoding = 4; lastKnownFileType = sourcecode.c.h; path = xzone_inline_internal.h; sourceTree = "<group>"; };
		F765F92B29217BAA00E9649E /* xzone_malloc.h */ = {isa = PBXFileReference; fileEncoding = 4; lastKnownFileType = sourcecode.c.h; path = xzone_malloc.h; sourceTree = "<group>"; };
		F7FC75972979055500D3F81F /* libmalloc_type_stubs.xcconfig */ = {isa = PBXFileReference; lastKnownFileType = text.xcconfig; path = libmalloc_type_stubs.xcconfig; sourceTree = "<group>"; };
		F7FC7598297905A900D3F81F /* malloc_type_stubs.c */ = {isa = PBXFileReference; fileEncoding = 4; lastKnownFileType = sourcecode.c.c; path = malloc_type_stubs.c; sourceTree = "<group>"; };
/* End PBXFileReference section */

/* Begin PBXFrameworksBuildPhase section */
		3FE91FE516A90AEC00D1238A /* Frameworks */ = {
			isa = PBXFrameworksBuildPhase;
			buildActionMask = 2147483647;
			files = (
			);
			runOnlyForDeploymentPostprocessing = 0;
		};
/* End PBXFrameworksBuildPhase section */

/* Begin PBXGroup section */
		084F5E821D50204F006CD296 /* Frameworks */ = {
			isa = PBXGroup;
			children = (
				B24F716229B2927B0064241F /* libmicrotest.a */,
				B2F5F14329726BC500DFEFBB /* liblibc.tbd */,
				086D54292159699B00A0ACD1 /* libSystem.B.tbd */,
				3D157E7320354E02001630BF /* perfdata.framework */,
				B61341DD20114B070038D163 /* ktrace.framework */,
				084F5E831D50204F006CD296 /* Foundation.framework */,
			);
			name = Frameworks;
			sourceTree = "<group>";
		};
		08C28B411D501D2C000AE997 /* tools */ = {
			isa = PBXGroup;
			children = (
				B6D2ED552007D91A007AF994 /* malloc_replay.cpp */,
				B6D2ED562007D91A007AF994 /* malloc_replay.h */,
			);
			path = tools;
			sourceTree = "<group>";
		};
		34B020CB29A546FE0058A44B /* exclavekit */ = {
			isa = PBXGroup;
			children = (
				34B020CC29A547340058A44B /* libmalloc_exclavekit_test.c */,
			);
			path = exclavekit;
			sourceTree = "<group>";
		};
		3FE91FC816A90A8D00D1238A /* man */ = {
			isa = PBXGroup;
			children = (
				925383D31BD03B8F00F745DB /* manpages.lst */,
				3FE91FC916A90A8D00D1238A /* malloc.3 */,
				3FE91FCA16A90A8D00D1238A /* malloc_size.3 */,
				3FE91FCB16A90A8D00D1238A /* malloc_zone_malloc.3 */,
			);
			path = man;
			sourceTree = "<group>";
		};
		3FE91FCC16A90A8D00D1238A /* src */ = {
			isa = PBXGroup;
			children = (
				06057A272A56B4B8005EF06B /* instrumentation.h */,
				06057A282A56B4B8005EF06B /* instrumentation.c */,
				F765F92729217BAA00E9649E /* xzone */,
				C95742891BF3FD290027269A /* base.h */,
				3FE91FD116A90A8D00D1238A /* bitarray.c */,
				3FE91FD216A90A8D00D1238A /* bitarray.h */,
				C957427B1BF2C8DE0027269A /* debug.h */,
				C932D2641D6B73270063B19E /* dtrace.h */,
				6E18E02B29777E0A00EE7E0D /* early_malloc.c */,
				6E18E02A29777E0A00EE7E0D /* early_malloc.h */,
				C9ABCA041CB6FC6800ECB399 /* empty.s */,
				C95742A41BF6842F0027269A /* frozen_malloc.c */,
				C95742A51BF6842F0027269A /* frozen_malloc.h */,
				4DD5E17226F4CDCA00C14B08 /* has_section.c */,
				C957426D1BF2C0C80027269A /* internal.h */,
				C95742AA1BF685CB0027269A /* legacy_malloc.c */,
				3FE91FFB16A90E6C00D1238A /* legacy_malloc.h */,
				C957426E1BF2C1480027269A /* locking.h */,
				C95742921BF41C970027269A /* magazine_inline.h */,
				C957429B1BF672F80027269A /* magazine_large.c */,
				3FE91FD616A90A8D00D1238A /* magazine_malloc.c */,
				C95742951BF41E480027269A /* magazine_malloc.h */,
				C99E32091D6F7366005655A8 /* magazine_rack.c */,
				C99E320A1D6F7366005655A8 /* magazine_rack.h */,
				C94B447721925C990005EA6F /* magazine_medium.c */,
				C95742981BF670D00027269A /* magazine_small.c */,
				C957428F1BF419DF0027269A /* magazine_tiny.c */,
				C95742861BF3F9550027269A /* magazine_zone.h */,
				3FE91FD716A90A8D00D1238A /* magmallocProvider.d */,
				3FE91FD816A90A8D00D1238A /* malloc.c */,
				B66C71D82034BFAE0047E265 /* malloc_common.c */,
				B66C71D72034BFAE0047E265 /* malloc_common.h */,
				B29E9A5829FC651300C0EBFF /* malloc_exclaves.c */,
				B65FBE2B2087AA2F00E21F59 /* malloc_printf.c */,
				4D38D0F828EF983000B75207 /* malloc_type.c */,
				4DFD596529524C9700F1CA2F /* malloc_type_internal.h */,
				F7FC7598297905A900D3F81F /* malloc_type_stubs.c */,
				B6AFD93B214C6198007983DA /* msl_lite_support.c */,
				B68B7F9D1FCDCBC600BAD1AA /* nano_malloc_common.c */,
				B68B7F9C1FCDCBC600BAD1AA /* nano_malloc_common.h */,
				C957427E1BF33D130027269A /* nano_zone.h */,
				B6CA64511FCF1AAD00DEBA12 /* nano_zone_common.h */,
				B68B7FA41FCDD9A500BAD1AA /* nanov2_malloc.c */,
				B68B7FA21FCDD60F00BAD1AA /* nanov2_malloc.h */,
				B6CA644D1FCE2C0A00DEBA12 /* nanov2_zone.h */,
				4DF318FF23D796550064A673 /* pgm_malloc.c */,
				4DF3190023D796550064A673 /* pgm_malloc.h */,
				C9F77BBA1BF2B84800812E13 /* platform.h */,
				3FE91FD916A90A8D00D1238A /* printf.h */,
				C957429E1BF681B00027269A /* purgeable_malloc.c */,
				C957429F1BF681B00027269A /* purgeable_malloc.h */,
				C957428C1BF411330027269A /* thresholds.h */,
				C938BBD21C74F7A400522BBD /* trace.h */,
				8C32D36A255F4FD1006152A4 /* sanitizer_malloc.c */,
				8CE61A27264EC6A9007EF8A3 /* sanitizer_malloc.h */,
				4DABD07D25CB621700AFF1F8 /* stack_trace.h */,
				4DABD07E25CB621700AFF1F8 /* stack_trace.c */,
				C932D2661D6B8D840063B19E /* vm.c */,
				C932D2671D6B8D840063B19E /* vm.h */,
				4DA4F8132A2916B900981635 /* wrapper_zones.c */,
			);
			path = src;
			sourceTree = "<group>";
		};
		3FE91FDF16A90A8D00D1238A /* xcodeconfig */ = {
			isa = PBXGroup;
			children = (
				93D0A0852B16AE5A00009B69 /* libmalloc_exclavecore_darwintests.xcconfig */,
				93D0A0862B16AE5A00009B69 /* libmalloc_exclavekit_darwintests.xcconfig */,
				B293DBC12AB11FF500EA1B30 /* libmalloc_exclaves_introspector.xcconfig */,
				3FE91FE016A90A8D00D1238A /* libmalloc.xcconfig */,
				B23F6AB02A982F630062A4E0 /* libmalloc_common.xcconfig */,
				3FE91FE116A90A8D00D1238A /* libmalloc_eos.xcconfig */,
				B26D4A9B2A32B1D000591E03 /* libmalloc_exclavecore.xcconfig */,
				3408F6B92912EC2E0036FFCF /* libmalloc_exclavekit.xcconfig */,
				34B020CA29A545570058A44B /* libmalloc_exclavekit_test.xcconfig */,
				B66AA658202A70B00019D607 /* libmalloc_resolved.xcconfig */,
				B629CF29202BA3C2007719B9 /* libmalloc_resolver.xcconfig */,
				C0CE450E1C52B9E300C24048 /* libmalloc_static.xcconfig */,
				F7FC75972979055500D3F81F /* libmalloc_type_stubs.xcconfig */,
				C0ACD6D225102817000C20CB /* libmalloc_xctests.xcconfig */,
			);
			path = xcodeconfig;
			sourceTree = "<group>";
		};
		3FE91FE216A90A8D00D1238A /* xcodescripts */ = {
			isa = PBXGroup;
			children = (
				3FC452FF18E4ABFE003D6A38 /* manpages.sh */,
				3FE91FE316A90A8D00D1238A /* sanitise_headers.sh */,
				C92853A01C767F08001FEAF3 /* install-codes.sh */,
			);
			path = xcodescripts;
			sourceTree = "<group>";
		};
		3FE91FE916A90AEC00D1238A /* Products */ = {
			isa = PBXGroup;
			children = (
				3FE91FE816A90AEC00D1238A /* libsystem_malloc.dylib */,
			);
			name = Products;
			sourceTree = "<group>";
		};
		3FE91FF716A90BEF00D1238A /* include */ = {
			isa = PBXGroup;
			children = (
				4F1ABDD52D19365B00D33152 /* kern */,
				4F1ABDCC2D19347A00D33152 /* sys */,
				4F1ABDC82D1932EF00D33152 /* pthread */,
				4F1ABDC02D19232000D33152 /* os */,
				4F1ABDBE2D19226400D33152 /* machine */,
				4F1ABDBC2D1921A900D33152 /* mach */,
				4F1ABDB62D190F7600D33152 /* _simple.h */,
				4F1ABDB52D190F2D00D33152 /* mach-o */,
				4F1ABDB42D190F1A00D33152 /* platform */,
				3FE91FF816A90BEF00D1238A /* malloc */,
				4F1ABDDA2D193CBF00D33152 /* missingDefines.h */,
			);
			path = include;
			sourceTree = "<group>";
		};
		3FE91FF816A90BEF00D1238A /* malloc */ = {
			isa = PBXGroup;
			children = (
				B2CDBA0A2A8164AA00E76A55 /* allocator.modulemap */,
				2B67B5672040B3A50003E78F /* _malloc.h */,
				4DFD596B295259B500F1CA2F /* _malloc_type.h */,
				B2C02C0429A8529900BD0C10 /* _platform.h */,
				B2395C7629EE0962006E9545 /* _ptrcheck.h */,
				3FE91FF916A90BEF00D1238A /* malloc.h */,
			);
			path = malloc;
			sourceTree = "<group>";
		};
		3FFC1BE416A908F800027192 = {
			isa = PBXGroup;
			children = (
				C901C4BC23EDEAAA00E9E7EB /* featureflags */,
				3FE91FF716A90BEF00D1238A /* include */,
				3FE91FC816A90A8D00D1238A /* man */,
				C9571C381C18AA0A00A67EE3 /* private */,
				3FE91FCC16A90A8D00D1238A /* src */,
				B629CF45202BBDCC007719B9 /* resolver */,
				925383BD1BD03B4A00F745DB /* tests */,
				3FE91FDF16A90A8D00D1238A /* xcodeconfig */,
				3FE91FE216A90A8D00D1238A /* xcodescripts */,
				08C28B411D501D2C000AE997 /* tools */,
				3FE91FE916A90AEC00D1238A /* Products */,
				084F5E821D50204F006CD296 /* Frameworks */,
			);
			sourceTree = "<group>";
			tabWidth = 4;
			usesTabs = 1;
		};
		4F1ABDB42D190F1A00D33152 /* platform */ = {
			isa = PBXGroup;
			children = (
				4F1ABDB82D190FAD00D33152 /* compat.h */,
				4F1ABDB72D190F9D00D33152 /* string.h */,
			);
			path = platform;
			sourceTree = "<group>";
		};
		4F1ABDB52D190F2D00D33152 /* mach-o */ = {
			isa = PBXGroup;
			children = (
				4F1ABDBB2D19111C00D33152 /* utils.cpp */,
				4F1ABDB92D190FD300D33152 /* dyld_priv.h */,
				4F1ABDBA2D190FD300D33152 /* dyld.h */,
			);
			path = "mach-o";
			sourceTree = "<group>";
		};
		4F1ABDBC2D1921A900D33152 /* mach */ = {
			isa = PBXGroup;
			children = (
				4F1ABDBD2D19224A00D33152 /* vm_reclaim.h */,
			);
			path = mach;
			sourceTree = "<group>";
		};
		4F1ABDBE2D19226400D33152 /* machine */ = {
			isa = PBXGroup;
			children = (
				4F1ABDBF2D19229300D33152 /* cpu_capabilities.h */,
			);
			path = machine;
			sourceTree = "<group>";
		};
		4F1ABDC02D19232000D33152 /* os */ = {
			isa = PBXGroup;
			children = (
				4F1ABDCA2D19337E00D33152 /* tsd.h */,
				4F1ABDC72D19319D00D33152 /* lock_private.h */,
				4F1ABDC62D19319D00D33152 /* once_private.h */,
				4F1ABDC52D19317C00D33152 /* crashlog_private.h */,
				4F1ABDC42D19241500D33152 /* atomic_private_arch.h */,
				4F1ABDC32D1923C100D33152 /* atomic_private_impl.h */,
				4F1ABDC22D19237F00D33152 /* atomic_private.h */,
				4F1ABDC12D19237F00D33152 /* base_private.h */,
			);
			path = os;
			sourceTree = "<group>";
		};
		4F1ABDC82D1932EF00D33152 /* pthread */ = {
			isa = PBXGroup;
			children = (
				4F1ABDCB2D19343600D33152 /* private.h */,
				4F1ABDC92D19330200D33152 /* tsd_private.h */,
			);
			path = pthread;
			sourceTree = "<group>";
		};
		4F1ABDCC2D19347A00D33152 /* sys */ = {
			isa = PBXGroup;
			children = (
				4F1ABDD92D19371D00D33152 /* ulock.h */,
				4F1ABDD82D19371D00D33152 /* vmparam.h */,
				4F1ABDD42D1935D600D33152 /* codesign.h */,
				4F1ABDD02D19351100D33152 /* csr.h */,
				4F1ABDCE2D19351100D33152 /* event.h */,
				4F1ABDCD2D19351100D33152 /* param.h */,
				4F1ABDD32D19351100D33152 /* random.h */,
				4F1ABDD12D19351100D33152 /* stat.h */,
				4F1ABDD22D19351100D33152 /* sysctl.h */,
			);
			path = sys;
			sourceTree = "<group>";
		};
		4F1ABDD52D19365B00D33152 /* kern */ = {
			isa = PBXGroup;
			children = (
				4F1ABDD62D19367E00D33152 /* cs_blobs.h */,
			);
			path = kern;
			sourceTree = "<group>";
		};
		925383BD1BD03B4A00F745DB /* tests */ = {
			isa = PBXGroup;
			children = (
				93D0A0742B16AA9100009B69 /* Definitions */,
				34B020CB29A546FE0058A44B /* exclavekit */,
				C0ACD6C92510274B000C20CB /* xctests */,
				8CB962B01F7E9F610046942E /* asan.c */,
				8CB962B11F7E9FD00046942E /* tsan.c */,
				B2B1803329BBCB2F00B4D3D3 /* bounds_test.c */,
				C931B58F1C81248100D0D230 /* madvise.c */,
				C9F8C2691D74C93A008C4044 /* magazine_rack.c */,
				B6A494971F9918DD0016A799 /* calloc_test.c */,
				B6A9C48C1F991716007D0853 /* malloc_free_test.c */,
				875E02E32125B62300A7FE8A /* aligned_alloc_test.c */,
				875E02E42125C1D100A7FE8A /* posix_memalign_test.c */,
				B6A414EA1FBDF01C0038DC53 /* malloc_claimed_address_tests.c */,
				4D20007425BA687B0018FFE6 /* malloc_zone_unregister_test.c */,
				B6726EC92092473D00E8AF5A /* malloc_heap_check_test.c */,
				C9F8C2681D70B521008C4044 /* magazine_small_test.c */,
				B64E100A205311DC004C4BA6 /* malloc_size_test.c */,
				C93F76D71D6B9F8C0088931B /* magazine_testing.h */,
				C932D2631D6B6ED40063B19E /* magazine_tiny_test.c */,
				B69B2B941FB3D00500FD5A8F /* magazine_malloc.c */,
				B65A635D2252B3A000A95474 /* memory_pressure.c */,
				6EE262112978C210006430D6 /* mfm_test.c */,
				925383D01BD03B4A00F745DB /* Makefile */,
				B6536A6320475BA4005FBE22 /* basic_malloc_free_perf.c */,
				B675F74520213D0A00B5038B /* nano_tests.c */,
				B6C1C9C720D9B70F002CCC0B /* nano_trace_replay.c */,
				4D87505A23F1D680005E25AA /* pgm_testing.h */,
				4DD5962D23E22A3D00D573D2 /* pgm_internals.c */,
				4D87505B23F1DB2E005E25AA /* pgm_allocator.c */,
				4DC7987424186ECB008F629E /* pgm_zone_api.c */,
				4D83DB142422F91A00CECCFE /* pgm_integration.c */,
				B6536A62204754B6005FBE22 /* perf_contended_malloc_free.c */,
				B670DABD2072D0BB00139A1D /* perf_realloc.c */,
				B6D59B0E225EA90E009E5896 /* reallocarray.c */,
				B68C985C2180BEB5003DAF36 /* region_cookie_test.c */,
				4DFC7B2F25CBBE1300625B17 /* stack_trace_test.c */,
				925383D11BD03B4A00F745DB /* stress_test.c */,
				4DFC7B3125CBBE9800625B17 /* zone_names.c */,
				96E1C8ED2653373700B23906 /* magazine_medium_test.c */,
			);
			path = tests;
			sourceTree = "<group>";
		};
		93D0A0742B16AA9100009B69 /* Definitions */ = {
			isa = PBXGroup;
			children = (
				93D0A0752B16AAE500009B69 /* EVE.libmalloc.exclavecore-darwintest.bundle.definition.json */,
				93D0A0792B16AAE500009B69 /* EVE.libmalloc.exclavecore-darwintest.new.bundle.definition.json */,
				93D0A0762B16AAE500009B69 /* EVE.libmalloc.exclavekit-darwintest.bundle.definition.json */,
				93D0A0782B16AAE500009B69 /* EVE.libmalloc.exclavekit-darwintest.new.bundle.definition.json */,
				93D0A07B2B16AB1F00009B69 /* EVE.libmalloc.exclavecore-darwintest.component.definition.json */,
				93D0A07E2B16AB1F00009B69 /* EVE.libmalloc.exclavecore-darwintest.new.component.definition.json */,
				93D0A07D2B16AB1F00009B69 /* EVE.libmalloc.exclavekit-darwintest.component.definition.json */,
			);
			name = Definitions;
			sourceTree = "<group>";
		};
		B629CF45202BBDCC007719B9 /* resolver */ = {
			isa = PBXGroup;
			children = (
				B629CF48202BBE3B007719B9 /* resolver.h */,
				B629CF46202BBDEC007719B9 /* resolver_internal.h */,
				B6D5C7ED202E26CA0035E376 /* resolver.c */,
			);
			path = resolver;
			sourceTree = "<group>";
		};
		C0ACD6C92510274B000C20CB /* xctests */ = {
			isa = PBXGroup;
			children = (
				F7099C96275346A900C9F66F /* magazine_tiny_tests.m */,
				C002C5B2251A7A2400D00D15 /* BATS.plist */,
				C0ACD6CC2510274B000C20CB /* Info.plist */,
				C0ACD6D325102A16000C20CB /* magazine_small_tests.m */,
				C0545CBE251A753D000273D3 /* malloc_mocks.c */,
				96C6DA1F27DAC25C008D0061 /* magazine_large_tests.m */,
				3A3397BF2981EF3500F9AFAD /* nano_common_tests.m */,
				8C1C9DF4268127AC00B7B3E4 /* sanitizer_tests.m */,
			);
			path = xctests;
			sourceTree = "<group>";
		};
		C901C4BC23EDEAAA00E9E7EB /* featureflags */ = {
			isa = PBXGroup;
			children = (
				C901C4BD23EDEAAA00E9E7EB /* libmalloc.plist */,
			);
			path = featureflags;
			sourceTree = "<group>";
		};
		C9571C381C18AA0A00A67EE3 /* private */ = {
			isa = PBXGroup;
			children = (
				84637F8025C9289100D36067 /* malloc_private.modulemap */,
				B2507D572A3A677700FC0B66 /* malloc_private_exclavekit.modulemap */,
				C9571C391C18AA1D00A67EE3 /* stack_logging.h */,
				C0352EC61C3F3C3600DB5126 /* malloc_private.h */,
				4DFD596829524CEA00F1CA2F /* malloc_type_private.h */,
				08315121215ED9C700D97E04 /* malloc_implementation.h */,
				2BED1E6A203E2F7700CB8C15 /* make_tapi_happy.h */,
			);
			path = private;
			sourceTree = "<group>";
		};
		F765F92729217BAA00E9649E /* xzone */ = {
			isa = PBXGroup;
			children = (
				93C629F42ACB71240006CBDA /* xzone_metapool.c */,
				F765F92A29217BAA00E9649E /* xzone_inline_internal.h */,
				B23096182AB4F3DE00917598 /* xzone_introspect.h */,
				B293DBC22AB1223E00EA1B30 /* xzone_introspect.c */,
				B299F39B2B48D5DB00EA6D23 /* xzone_introspect_stub.c */,
				F765F92B29217BAA00E9649E /* xzone_malloc.h */,
				F765F92929217BAA00E9649E /* xzone_malloc.c */,
				F765F92829217BAA00E9649E /* xzone_segment.c */,
			);
			path = xzone;
			sourceTree = "<group>";
		};
/* End PBXGroup section */

/* Begin PBXHeadersBuildPhase section */
		3FE91FE616A90AEC00D1238A /* Headers */ = {
			isa = PBXHeadersBuildPhase;
			buildActionMask = 2147483647;
			files = (
				C957428A1BF3FD290027269A /* base.h in Headers */,
				6E18E02C29777E0A00EE7E0D /* early_malloc.h in Headers */,
				C0352EC71C3F3C4400DB5126 /* malloc_private.h in Headers */,
				B2395C7729EE0963006E9545 /* _ptrcheck.h in Headers */,
				84637F8125C928B500D36067 /* malloc_private.modulemap in Headers */,
				C95742731BF2C2880027269A /* internal.h in Headers */,
				B2C02C0629A852C000BD0C10 /* _platform.h in Headers */,
				B6CA644E1FCE2C1900DEBA12 /* nanov2_zone.h in Headers */,
				B24F716829B7F11B0064241F /* sanitizer_malloc.h in Headers */,
				C99E320C1D6F7366005655A8 /* magazine_rack.h in Headers */,
				C95742721BF2C2880027269A /* bitarray.h in Headers */,
				C932D2691D6B8D840063B19E /* vm.h in Headers */,
				F765F92F29217BAA00E9649E /* xzone_malloc.h in Headers */,
				4DFD596A29524CF300F1CA2F /* malloc_type_private.h in Headers */,
				08315123215EE9A100D97E04 /* stack_logging.h in Headers */,
				B6CA64521FCF1AD200DEBA12 /* nano_zone_common.h in Headers */,
				C938BBD31C74F7A400522BBD /* trace.h in Headers */,
				B230961A2AB4F52B00917598 /* xzone_introspect.h in Headers */,
				4DABD07F25CB621700AFF1F8 /* stack_trace.h in Headers */,
				4DFD596729524CB300F1CA2F /* malloc_type_internal.h in Headers */,
				C95742A81BF6842F0027269A /* frozen_malloc.h in Headers */,
				08315122215ED9CF00D97E04 /* malloc_implementation.h in Headers */,
				C957428D1BF411330027269A /* thresholds.h in Headers */,
				C95742741BF2C2880027269A /* locking.h in Headers */,
				C95742931BF41C970027269A /* magazine_inline.h in Headers */,
				B68B7FA31FCDD67100BAD1AA /* nanov2_malloc.h in Headers */,
				C95742761BF2C2880027269A /* platform.h in Headers */,
				B66C71D92034BFAE0047E265 /* malloc_common.h in Headers */,
				C957427C1BF2C8DE0027269A /* debug.h in Headers */,
				2B67B5682040B3AF0003E78F /* _malloc.h in Headers */,
				C95742961BF41E480027269A /* magazine_malloc.h in Headers */,
				3FE91FFA16A90BEF00D1238A /* malloc.h in Headers */,
				4DF3190223D796550064A673 /* pgm_malloc.h in Headers */,
				4DFD596C295259BA00F1CA2F /* _malloc_type.h in Headers */,
				C95742871BF3F9550027269A /* magazine_zone.h in Headers */,
				F765F92E29217BAA00E9649E /* xzone_inline_internal.h in Headers */,
				C95742771BF2C2880027269A /* legacy_malloc.h in Headers */,
				C95742A21BF681B00027269A /* purgeable_malloc.h in Headers */,
				B68B7F9E1FCDCBC600BAD1AA /* nano_malloc_common.h in Headers */,
				C957427F1BF33D130027269A /* nano_zone.h in Headers */,
				4F1ABDDB2D193CBF00D33152 /* missingDefines.h in Headers */,
				C95742751BF2C2880027269A /* printf.h in Headers */,
			);
			runOnlyForDeploymentPostprocessing = 0;
		};
/* End PBXHeadersBuildPhase section */

/* Begin PBXNativeTarget section */
		3FE91FE716A90AEC00D1238A /* libsystem_malloc */ = {
			isa = PBXNativeTarget;
			buildConfigurationList = 3FE91FEA16A90AEC00D1238A /* Build configuration list for PBXNativeTarget "libsystem_malloc" */;
			buildPhases = (
				3FE91FE416A90AEC00D1238A /* Sources */,
				3FE91FE516A90AEC00D1238A /* Frameworks */,
				3FE91FE616A90AEC00D1238A /* Headers */,
				C92853A11C767F78001FEAF3 /* Install Codes File */,
				F7B02A182984CA06002DDF30 /* Install FeatureFlags */,
			);
			buildRules = (
			);
			dependencies = (
			);
			name = libsystem_malloc;
			productName = libmalloc;
			productReference = 3FE91FE816A90AEC00D1238A /* libsystem_malloc.dylib */;
			productType = "com.apple.product-type.library.dynamic";
		};
/* End PBXNativeTarget section */

/* Begin PBXProject section */
		3FFC1BE516A908F800027192 /* Project object */ = {
			isa = PBXProject;
			attributes = {
				DefaultBuildSystemTypeForWorkspace = Latest;
				KnownAssetTags = (
					New,
				);
				LastSwiftUpdateCheck = 1500;
				LastUpgradeCheck = 0900;
			};
			buildConfigurationList = 3FFC1BE816A908F800027192 /* Build configuration list for PBXProject "libmalloc" */;
			compatibilityVersion = "Xcode 3.2";
			developmentRegion = English;
			hasScannedForEncodings = 0;
			knownRegions = (
				English,
				en,
			);
			mainGroup = 3FFC1BE416A908F800027192;
			productRefGroup = 3FE91FE916A90AEC00D1238A /* Products */;
			projectDirPath = "";
			projectRoot = "";
			targets = (
				3FE91FE716A90AEC00D1238A /* libsystem_malloc */,
			);
		};
/* End PBXProject section */

/* Begin PBXShellScriptBuildPhase section */
		C92853A11C767F78001FEAF3 /* Install Codes File */ = {
			isa = PBXShellScriptBuildPhase;
			buildActionMask = 2147483647;
			files = (
			);
			inputPaths = (
				"$(SRCROOT)/src/trace.h",
			);
			name = "Install Codes File";
			outputPaths = (
				"$(DSTROOT)/usr/local/share/misc/libmalloc.codes",
			);
			runOnlyForDeploymentPostprocessing = 0;
			shellPath = /bin/bash;
			shellScript = ". \"$PROJECT_DIR\"/xcodescripts/install-codes.sh\n";
		};
		F7B02A182984CA06002DDF30 /* Install FeatureFlags */ = {
			isa = PBXShellScriptBuildPhase;
			buildActionMask = 2147483647;
			files = (
			);
			inputFileListPaths = (
			);
			inputPaths = (
				"$(SRCROOT)/featureflags/libmalloc.plist",
			);
			name = "Install FeatureFlags";
			outputFileListPaths = (
			);
			outputPaths = (
			);
			runOnlyForDeploymentPostprocessing = 0;
			shellPath = /bin/bash;
			shellScript = ". \"$PROJECT_DIR\"/xcodescripts/install-featureflags.sh\n";
		};
/* End PBXShellScriptBuildPhase section */

/* Begin PBXSourcesBuildPhase section */
		3FE91FE416A90AEC00D1238A /* Sources */ = {
			isa = PBXSourcesBuildPhase;
			buildActionMask = 2147483647;
			files = (
				06BDD3D82AFD329200DEC4C7 /* instrumentation.c in Sources */,
				3FE91FED16A90B9200D1238A /* bitarray.c in Sources */,
				F765F92C29217BAA00E9649E /* xzone_segment.c in Sources */,
				B66C71DA2034BFAE0047E265 /* malloc_common.c in Sources */,
				C95742A01BF681B00027269A /* purgeable_malloc.c in Sources */,
				8C32D36B255F4FD1006152A4 /* sanitizer_malloc.c in Sources */,
				C957429C1BF672F80027269A /* magazine_large.c in Sources */,
				3FE91FF016A90B9200D1238A /* magazine_malloc.c in Sources */,
				C95742991BF670D00027269A /* magazine_small.c in Sources */,
				4DABD08025CB621700AFF1F8 /* stack_trace.c in Sources */,
				93C629F52ACB71240006CBDA /* xzone_metapool.c in Sources */,
				C99E320B1D6F7366005655A8 /* magazine_rack.c in Sources */,
				C95742AB1BF685CB0027269A /* legacy_malloc.c in Sources */,
				C932D2681D6B8D840063B19E /* vm.c in Sources */,
				3FE91FF116A90B9200D1238A /* magmallocProvider.d in Sources */,
				4D38D0F928EF983000B75207 /* malloc_type.c in Sources */,
				B6AFD93C214C6198007983DA /* msl_lite_support.c in Sources */,
				6E18E03029777E0A00EE7E0D /* early_malloc.c in Sources */,
				B293DBC32AB1223E00EA1B30 /* xzone_introspect.c in Sources */,
				4DD5E17326F4CDCA00C14B08 /* has_section.c in Sources */,
				4DF3190123D796550064A673 /* pgm_malloc.c in Sources */,
				B68B7FA51FCDD9A500BAD1AA /* nanov2_malloc.c in Sources */,
				4DA4F8142A2916B900981635 /* wrapper_zones.c in Sources */,
				B6D5C7F1202E26F80035E376 /* resolver.c in Sources */,
				B68B7F9F1FCDCBC600BAD1AA /* nano_malloc_common.c in Sources */,
				F765F92D29217BAA00E9649E /* xzone_malloc.c in Sources */,
				3FE91FF216A90B9200D1238A /* malloc.c in Sources */,
				C94B447821925CA50005EA6F /* magazine_medium.c in Sources */,
				C95742A61BF6842F0027269A /* frozen_malloc.c in Sources */,
				C95742901BF419DF0027269A /* magazine_tiny.c in Sources */,
				B65FBE2C2087AA2F00E21F59 /* malloc_printf.c in Sources */,
			);
			runOnlyForDeploymentPostprocessing = 0;
		};
/* End PBXSourcesBuildPhase section */

/* Begin XCBuildConfiguration section */
		3FE91FEB16A90AEC00D1238A /* Debug */ = {
			isa = XCBuildConfiguration;
			baseConfigurationReference = B629CF29202BA3C2007719B9 /* libmalloc_resolver.xcconfig */;
			buildSettings = {
				COMBINE_HIDPI_IMAGES = YES;
				SDKROOT = macosx;
			};
			name = Debug;
		};
		3FE91FEC16A90AEC00D1238A /* Release */ = {
			isa = XCBuildConfiguration;
			baseConfigurationReference = B629CF29202BA3C2007719B9 /* libmalloc_resolver.xcconfig */;
			buildSettings = {
				COMBINE_HIDPI_IMAGES = YES;
				SDKROOT = macosx;
			};
			name = Release;
		};
		3FFC1BE916A908F800027192 /* Debug */ = {
			isa = XCBuildConfiguration;
			buildSettings = {
				ONLY_ACTIVE_ARCH = YES;
				SDKROOT = macosx;
			};
			name = Debug;
		};
		3FFC1BEA16A908F800027192 /* Release */ = {
			isa = XCBuildConfiguration;
			buildSettings = {
				SDKROOT = macosx;
			};
			name = Release;
		};
/* End XCBuildConfiguration section */

/* Begin XCConfigurationList section */
		3FE91FEA16A90AEC00D1238A /* Build configuration list for PBXNativeTarget "libsystem_malloc" */ = {
			isa = XCConfigurationList;
			buildConfigurations = (
				3FE91FEB16A90AEC00D1238A /* Debug */,
				3FE91FEC16A90AEC00D1238A /* Release */,
			);
			defaultConfigurationIsVisible = 0;
			defaultConfigurationName = Release;
		};
		3FFC1BE816A908F800027192 /* Build configuration list for PBXProject "libmalloc" */ = {
			isa = XCConfigurationList;
			buildConfigurations = (
				3FFC1BE916A908F800027192 /* Debug */,
				3FFC1BEA16A908F800027192 /* Release */,
			);
			defaultConfigurationIsVisible = 0;
			defaultConfigurationName = Release;
		};
/* End XCConfigurationList section */
	};
	rootObject = 3FFC1BE516A908F800027192 /* Project object */;
}
